
Microsoft Visual Studio Solution File, Format Version 12.00
# Visual Studio Version 17
VisualStudioVersion = 17.1.32210.238
MinimumVisualStudioVersion = 10.0.40219.1
Project("{9A19103F-16F7-4668-BE54-9A1E7A4F7556}") = "Pwa", "Pwa\Pwa.csproj", "{7E7B021E-706F-46B5-92D2-9276C188F068}"
EndProject
Project("{9A19103F-16F7-4668-BE54-9A1E7A4F7556}") = "Pages", "Pages\Pages.csproj", "{3223A6DE-08FC-46FB-BE58-BC7022DB2158}"
EndProject
Project("{9A19103F-16F7-4668-BE54-9A1E7A4F7556}") = "Server", "Server\Server\Server.csproj", "{C9C49413-D21B-4164-99A4-7314572028A1}"
EndProject
Project("{FAE04EC0-301F-11D3-BF4B-00C04F79EFBC}") = "Logic", "Logic\Logic.csproj", "{2469EE14-281A-492E-9E39-257924EC6CEE}"
EndProject
Project("{9A19103F-16F7-4668-BE54-9A1E7A4F7556}") = "PwaOverAPI", "PwaOverAPI\PwaOverAPI.csproj", "{728A4933-81A4-4DB5-BBB7-0EA554977C74}"
EndProject
Global
	GlobalSection(SolutionConfigurationPlatforms) = preSolution
		Debug|Any CPU = Debug|Any CPU
		Release|Any CPU = Release|Any CPU
	EndGlobalSection
	GlobalSection(ProjectConfigurationPlatforms) = postSolution
		{7E7B021E-706F-46B5-92D2-9276C188F068}.Debug|Any CPU.ActiveCfg = Debug|Any CPU
		{7E7B021E-706F-46B5-92D2-9276C188F068}.Debug|Any CPU.Build.0 = Debug|Any CPU
		{7E7B021E-706F-46B5-92D2-9276C188F068}.Release|Any CPU.ActiveCfg = Release|Any CPU
		{7E7B021E-706F-46B5-92D2-9276C188F068}.Release|Any CPU.Build.0 = Release|Any CPU
		{3223A6DE-08FC-46FB-BE58-BC7022DB2158}.Debug|Any CPU.ActiveCfg = Debug|Any CPU
		{3223A6DE-08FC-46FB-BE58-BC7022DB2158}.Debug|Any CPU.Build.0 = Debug|Any CPU
		{3223A6DE-08FC-46FB-BE58-BC7022DB2158}.Release|Any CPU.ActiveCfg = Release|Any CPU
		{3223A6DE-08FC-46FB-BE58-BC7022DB2158}.Release|Any CPU.Build.0 = Release|Any CPU
		{C9C49413-D21B-4164-99A4-7314572028A1}.Debug|Any CPU.ActiveCfg = Debug|Any CPU
		{C9C49413-D21B-4164-99A4-7314572028A1}.Debug|Any CPU.Build.0 = Debug|Any CPU
		{C9C49413-D21B-4164-99A4-7314572028A1}.Release|Any CPU.ActiveCfg = Release|Any CPU
		{C9C49413-D21B-4164-99A4-7314572028A1}.Release|Any CPU.Build.0 = Release|Any CPU
		{2469EE14-281A-492E-9E39-257924EC6CEE}.Debug|Any CPU.ActiveCfg = Debug|Any CPU
		{2469EE14-281A-492E-9E39-257924EC6CEE}.Debug|Any CPU.Build.0 = Debug|Any CPU
		{2469EE14-281A-492E-9E39-257924EC6CEE}.Release|Any CPU.ActiveCfg = Release|Any CPU
		{2469EE14-281A-492E-9E39-257924EC6CEE}.Release|Any CPU.Build.0 = Release|Any CPU
		{728A4933-81A4-4DB5-BBB7-0EA554977C74}.Debug|Any CPU.ActiveCfg = Debug|Any CPU
		{728A4933-81A4-4DB5-BBB7-0EA554977C74}.Debug|Any CPU.Build.0 = Debug|Any CPU
		{728A4933-81A4-4DB5-BBB7-0EA554977C74}.Release|Any CPU.ActiveCfg = Release|Any CPU
		{728A4933-81A4-4DB5-BBB7-0EA554977C74}.Release|Any CPU.Build.0 = Release|Any CPU
	EndGlobalSection
	GlobalSection(SolutionProperties) = preSolution
		HideSolutionNode = FALSE
	EndGlobalSection
	GlobalSection(ExtensibilityGlobals) = postSolution
		SolutionGuid = {B4201CFC-0BB2-445E-85BF-15C23DF553CD}
	EndGlobalSection
EndGlobal
